<?xml version="1.0" encoding="utf-8"?>
<Project ToolsVersion="4.0" xmlns="http://schemas.microsoft.com/developer/msbuild/2003">
  <ItemGroup>
    <Filter Include="Source Files">
      <UniqueIdentifier>{332967fb-6304-4626-97aa-065be94f72a2}</UniqueIdentifier>
      <Extensions>cpp;c;cxx;rc;def;r;odl;idl;hpj;bat</Extensions>
    </Filter>
    <Filter Include="Header Files">
      <UniqueIdentifier>{4d3474eb-b95e-43b4-8c91-7eb9f1dd75af}</UniqueIdentifier>
      <Extensions>h;hpp;hxx;hm;inl</Extensions>
    </Filter>
  </ItemGroup>
  <ItemGroup>
    <ClCompile Include="Source\FFollowNoMosaic.cpp">
      <Filter>Source Files</Filter>
    </ClCompile>
    <ClCompile Include="Source\FHeightKeepSharpEdge.cpp">
      <Filter>Source Files</Filter>
    </ClCompile>
    <ClCompile Include="Source\GuideCurveParall3DGen.cpp">
      <Filter>Source Files</Filter>
    </ClCompile>
    <ClCompile Include="Source\PathExtend.cpp">
      <Filter>Source Files</Filter>
    </ClCompile>
    <ClCompile Include="Source\SmartPathEx.cpp">
      <Filter>Source Files</Filter>
    </ClCompile>
    <ClCompile Include="Source\SmtAutoFinishGen.Cpp">
      <Filter>Source Files</Filter>
    </ClCompile>
    <ClCompile Include="Source\SmtBitmapGen.Cpp">
      <Filter>Source Files</Filter>
    </ClCompile>
    <ClCompile Include="Source\SmtCleanupGen.Cpp">
      <Filter>Source Files</Filter>
    </ClCompile>
    <ClCompile Include="Source\SmtCombGen.cpp">
      <Filter>Source Files</Filter>
    </ClCompile>
    <ClCompile Include="Source\SmtFlowlineGen.cpp">
      <Filter>Source Files</Filter>
    </ClCompile>
    <ClCompile Include="Source\SmtFlowlineGen2.cpp">
      <Filter>Source Files</Filter>
    </ClCompile>
    <ClCompile Include="Source\SmtFPlaneGen.Cpp">
      <Filter>Source Files</Filter>
    </ClCompile>
    <ClCompile Include="Source\SmtPathGen.Cpp">
      <Filter>Source Files</Filter>
    </ClCompile>
    <ClCompile Include="Source\SmtPathGen2D.Cpp">
      <Filter>Source Files</Filter>
    </ClCompile>
    <ClCompile Include="Source\SmtPathGen3D.Cpp">
      <Filter>Source Files</Filter>
    </ClCompile>
    <ClCompile Include="Source\SmtPlungeMillGen.Cpp">
      <Filter>Source Files</Filter>
    </ClCompile>
    <ClCompile Include="Source\SmtPocketGen.Cpp">
      <Filter>Source Files</Filter>
    </ClCompile>
    <ClCompile Include="Source\SmtPrjRoughGen.Cpp">
      <Filter>Source Files</Filter>
    </ClCompile>
    <ClCompile Include="Source\SmtRemainGen.Cpp">
      <Filter>Source Files</Filter>
    </ClCompile>
    <ClCompile Include="Source\SmtRoughGen.Cpp">
      <Filter>Source Files</Filter>
    </ClCompile>
    <ClCompile Include="Source\SmtSFinshGen.Cpp">
      <Filter>Source Files</Filter>
    </ClCompile>
    <ClCompile Include="Source\SmtSGuideGen.Cpp">
      <Filter>Source Files</Filter>
    </ClCompile>
    <ClCompile Include="Source\SmtThreadMillGen.Cpp">
      <Filter>Source Files</Filter>
    </ClCompile>
    <ClCompile Include="Source\SurfNetEditor.cpp">
      <Filter>Source Files</Filter>
    </ClCompile>
    <ClCompile Include="Source\PathSplFit.cpp">
      <Filter>Source Files</Filter>
    </ClCompile>
    <ClCompile Include="StdAfx.cpp">
      <Filter>Source Files</Filter>
    </ClCompile>
    <ClCompile Include="Source\RectNetRoughCounter.cpp">
      <Filter>Source Files</Filter>
    </ClCompile>
    <ClCompile Include="Source\PathPointsDistribute.cpp">
      <Filter>Source Files</Filter>
    </ClCompile>
  </ItemGroup>
  <ItemGroup>
    <ClInclude Include="Include\FFollowNoMosaic.h">
      <Filter>Header Files</Filter>
    </ClInclude>
    <ClInclude Include="Include\FHeightKeepSharpEdge.h">
      <Filter>Header Files</Filter>
    </ClInclude>
    <ClInclude Include="Include\PathExtend.h">
      <Filter>Header Files</Filter>
    </ClInclude>
    <ClInclude Include="Include\SmartPathEx.h">
      <Filter>Header Files</Filter>
    </ClInclude>
    <ClInclude Include="Include\SmtAutoFinishGen.H">
      <Filter>Header Files</Filter>
    </ClInclude>
    <ClInclude Include="Include\SmtFlowlineGen.h">
      <Filter>Header Files</Filter>
    </ClInclude>
    <ClInclude Include="Include\SmtPathGen.H">
      <Filter>Header Files</Filter>
    </ClInclude>
    <ClInclude Include="Include\SmtPathGen2D.H">
      <Filter>Header Files</Filter>
    </ClInclude>
    <ClInclude Include="Include\SmtPathGen3D.H">
      <Filter>Header Files</Filter>
    </ClInclude>
    <ClInclude Include="Include\SmtThreadMillGen.h">
      <Filter>Header Files</Filter>
    </ClInclude>
    <ClInclude Include="Include\SurfNetEditor.h">
      <Filter>Header Files</Filter>
    </ClInclude>
    <ClInclude Include="Include\PathSplFit.h">
      <Filter>Header Files</Filter>
    </ClInclude>
    <ClInclude Include="Include\RectNetRoughCounter.h">
      <Filter>Header Files</Filter>
    </ClInclude>
    <ClInclude Include="Include\PathPointsDistribute.h">
      <Filter>Header Files</Filter>
    </ClInclude>
  </ItemGroup>
</Project>